
Microsoft Visual Studio Solution File, Format Version 12.00
# Visual Studio Version 17
VisualStudioVersion = 17.4.33213.308
MinimumVisualStudioVersion = 10.0.40219.1
Project("{FAE04EC0-301F-11D3-BF4B-00C04F79EFBC}") = "EntityFrameworkRelations", "EntityFrameworkRelations\EntityFrameworkRelations.csproj", "{B6846486-D296-44D3-84A1-D37E96772AB3}"
EndProject
Global
	GlobalSection(SolutionConfigurationPlatforms) = preSolution
		Debug|Any CPU = Debug|Any CPU
		Release|Any CPU = Release|Any CPU
	EndGlobalSection
	GlobalSection(ProjectConfigurationPlatforms) = postSolution
		{B6846486-D296-44D3-84A1-D37E96772AB3}.Debug|Any CPU.ActiveCfg = Debug|Any CPU
		{B6846486-D296-44D3-84A1-D37E96772AB3}.Debug|Any CPU.Build.0 = Debug|Any CPU
		{B6846486-D296-44D3-84A1-D37E96772AB3}.Release|Any CPU.ActiveCfg = Release|Any CPU
		{B6846486-D296-44D3-84A1-D37E96772AB3}.Release|Any CPU.Build.0 = Release|Any CPU
	EndGlobalSection
	GlobalSection(SolutionProperties) = preSolution
		HideSolutionNode = FALSE
	EndGlobalSection
	GlobalSection(ExtensibilityGlobals) = postSolution
		SolutionGuid = {81AD7935-13AB-45DA-8366-BC37AC0A66B2}
	EndGlobalSection
EndGlobal
